
Microsoft Visual Studio Solution File, Format Version 12.00
# Visual Studio Version 17
VisualStudioVersion = 17.11.35303.130
MinimumVisualStudioVersion = 10.0.40219.1
Project("{FAE04EC0-301F-11D3-BF4B-00C04F79EFBC}") = "Agha c#", "Agha c#\Agha c#.csproj", "{2BF302F3-4C78-4FC1-8FFB-4097F4E8AF76}"
EndProject
Global
	GlobalSection(SolutionConfigurationPlatforms) = preSolution
		Debug|Any CPU = Debug|Any CPU
		Release|Any CPU = Release|Any CPU
	EndGlobalSection
	GlobalSection(ProjectConfigurationPlatforms) = postSolution
		{2BF302F3-4C78-4FC1-8FFB-4097F4E8AF76}.Debug|Any CPU.ActiveCfg = Debug|Any CPU
		{2BF302F3-4C78-4FC1-8FFB-4097F4E8AF76}.Debug|Any CPU.Build.0 = Debug|Any CPU
		{2BF302F3-4C78-4FC1-8FFB-4097F4E8AF76}.Release|Any CPU.ActiveCfg = Release|Any CPU
		{2BF302F3-4C78-4FC1-8FFB-4097F4E8AF76}.Release|Any CPU.Build.0 = Release|Any CPU
	EndGlobalSection
	GlobalSection(SolutionProperties) = preSolution
		HideSolutionNode = FALSE
	EndGlobalSection
	GlobalSection(ExtensibilityGlobals) = postSolution
		SolutionGuid = {15E8F968-07E6-4BD3-BCE2-0022CB44192F}
	EndGlobalSection
EndGlobal
